
Microsoft Visual Studio Solution File, Format Version 12.00
# Visual Studio 15
VisualStudioVersion = 15.0.28307.168
MinimumVisualStudioVersion = 10.0.40219.1
Project("{8BC9CEB8-8B4A-11D0-8D11-00A0C91BC942}") = "Dx11Demo_34", "Dx11Demo_34.vcxproj", "{77C2145F-04E0-4782-9B88-48E3B2F8761A}"
EndProject
Global
	GlobalSection(SolutionConfigurationPlatforms) = preSolution
		Debug|x64 = Debug|x64
		Debug|x86 = Debug|x86
		Release|x64 = Release|x64
		Release|x86 = Release|x86
	EndGlobalSection
	GlobalSection(ProjectConfigurationPlatforms) = postSolution
		{77C2145F-04E0-4782-9B88-48E3B2F8761A}.Debug|x64.ActiveCfg = Debug|x64
		{77C2145F-04E0-4782-9B88-48E3B2F8761A}.Debug|x64.Build.0 = Debug|x64
		{77C2145F-04E0-4782-9B88-48E3B2F8761A}.Debug|x86.ActiveCfg = Debug|Win32
		{77C2145F-04E0-4782-9B88-48E3B2F8761A}.Debug|x86.Build.0 = Debug|Win32
		{77C2145F-04E0-4782-9B88-48E3B2F8761A}.Release|x64.ActiveCfg = Release|x64
		{77C2145F-04E0-4782-9B88-48E3B2F8761A}.Release|x64.Build.0 = Release|x64
		{77C2145F-04E0-4782-9B88-48E3B2F8761A}.Release|x86.ActiveCfg = Release|Win32
		{77C2145F-04E0-4782-9B88-48E3B2F8761A}.Release|x86.Build.0 = Release|Win32
	EndGlobalSection
	GlobalSection(SolutionProperties) = preSolution
		HideSolutionNode = FALSE
	EndGlobalSection
	GlobalSection(ExtensibilityGlobals) = postSolution
		SolutionGuid = {64952C53-CAD5-4387-8141-3EE54A2B3C94}
	EndGlobalSection
EndGlobal
